{
  "name": "react-kavia",
  "version": "0.1.0",
  "lockfileVersion": 3,
  "requires": true,
  "packages": {
    "": {
      "name": "react-kavia",
      "version": "0.1.0",
      "dependencies": {
        "react": "^18.2.0",
        "react-dom": "^18.2.0",
        "react-router-dom": "^6.26.2",
        "react-scripts": "^5.0.1"
      },
      "devDependencies": {
        "cross-env": "^7.0.3"
      }
    },
    "node_modules/react-router": {
      "version": "6.26.2",
      "resolved": "https://registry.npmjs.org/react-router/-/react-router-6.26.2.tgz",
      "integrity": "sha512-7bBNYgTSh5nZNN/sTWYf+6hj2QqgwymUlTqQwz7YbD8DRdUWeEwWKuKml+M4lCh7dNE8NhQ2R6y8E8Q2YF5dWw==",
      "dependencies": {
        "@remix-run/router": "1.19.0"
      },
      "engines": {
        "node": ">=14"
      },
      "peerDependencies": {
        "react": ">=16.8",
        "react-dom": ">=16.8"
      }
    },
    "node_modules/react-router-dom": {
      "version": "6.26.2",
      "resolved": "https://registry.npmjs.org/react-router-dom/-/react-router-dom-6.26.2.tgz",
      "integrity": "sha512-Tj7P2y7Q1Do7K5j1QH5Vf8vGmNY4mQm84f0w1bVjT9u7fV8F0O0rVjH7+1jQ8CwI8lS2Yx4FJYyLw5dZC0vY9A==",
      "dependencies": {
        "react-router": "6.26.2"
      },
      "engines": {
        "node": ">=14"
      },
      "peerDependencies": {
        "react": ">=16.8",
        "react-dom": ">=16.8"
      }
    },
    "node_modules/@remix-run/router": {
      "version": "1.19.0",
      "resolved": "https://registry.npmjs.org/@remix-run/router/-/router-1.19.0.tgz",
      "integrity": "sha512-4gEoYq+2C2d2pZPq9I+8xQKJq3p8mB7y2pB1j4WcY8b9R0oVnVJm3wFJ5f4BvYyKX0n6aB3l5b0yqzqk0oQhKg==",
      "engines": {
        "node": ">=14"
      }
    }
  },
  "dependencies": {
    "@remix-run/router": {
      "version": "1.19.0",
      "resolved": "https://registry.npmjs.org/@remix-run/router/-/router-1.19.0.tgz",
      "integrity": "sha512-4gEoYq+2C2d2pZPq9I+8xQKJq3p8mB7y2pB1j4WcY8b9R0oVnVJm3wFJ5f4BvYyKX0n6aB3l5b0yqzqk0oQhKg=="
    },
    "react-router": {
      "version": "6.26.2",
      "resolved": "https://registry.npmjs.org/react-router/-/react-router-6.26.2.tgz",
      "integrity": "sha512-7bBNYgTSh5nZNN/sTWYf+6hj2QqgwymUlTqQwz7YbD8DRdUWeEwWKuKml+M4lCh7dNE8NhQ2R6y8E8Q2YF5dWw==",
      "requires": {
        "@remix-run/router": "1.19.0"
      }
    },
    "react-router-dom": {
      "version": "6.26.2",
      "resolved": "https://registry.npmjs.org/react-router-dom/-/react-router-dom-6.26.2.tgz",
      "integrity": "sha512-Tj7P2y7Q1Do7K5j1QH5Vf8vGmNY4mQm84f0w1bVjT9u7fV8F0O0rVjH7+1jQ8CwI8lS2Yx4FJYyLw5dZC0vY9A==",
      "requires": {
        "react-router": "6.26.2"
      }
    }
  }
}
